{
    "_meta": {
        "hash": {
            "sha256": "680b1d6d89e352b351c1a0efd19fd5d343845eae9cf0220c4c6ee41936e1a1dd"
        },
        "pipfile-spec": 6,
        "requires": {
            "python_version": "3.12"
        },
        "sources": [
            {
                "name": "pypi",
                "url": "https://pypi.org/simple",
                "verify_ssl": true
            }
        ]
    },
    "default": {
        "argparse": {
            "hashes": [
                "sha256:62b089a55be1d8949cd2bc7e0df0bddb9e028faefc8c32038cc84862aefdd6e4",
                "sha256:c31647edb69fd3d465a847ea3157d37bed1f95f19760b11a47aa91c04b666314"
            ],
            "index": "pypi",
            "version": "==1.4.0"
        },
        "cerberus": {
            "hashes": [
                "sha256:46c029e3e2a4735408ed36bec14ef2cbf3e50d8ebe47fb34ee1e54b2da814df2",
                "sha256:579554887ffd189226774b87570f4a76db75cf0efcbaffcacd5e98b8ee877f61"
            ],
            "index": "pypi",
            "markers": "python_version >= '3.7'",
            "version": "==1.3.8"
        },
        "prompt-toolkit": {
            "hashes": [
                "sha256:01c0891d7f9237d5e339f7d3e42cdae80b7534abb1c7c0e3352efba6231492f2",
                "sha256:9ec8a0ad96d5c56148b3f914aa79c1564c3fde5d2e6b876e7bc327e353cf8fa6"
            ],
            "markers": "python_version >= '3.10'",
            "version": "==3.0.53"
        },
        "questionary": {
            "hashes": [
                "sha256:3d7e980292bb0107abaa79c68dd3eee3c561b83a0f89ae482860b181c8bd412d",
                "sha256:a51af13f345f1cdea62347589fbb6df3b290306ab8930713bfae4d475a7d4a59"
            ],
            "index": "pypi",
            "markers": "python_version >= '3.9'",
            "version": "==2.1.1"
        },
        "wcwidth": {
            "hashes": [
                "sha256:d128512515fbf4612e0ff21fd6380399210318b7b54a9af59dff8454cf9730eb",
                "sha256:d5b73dba6158a595ec9370350e7f2637bcac8d6c5e4fde34f30fcffb6103a5e4"
            ],
            "markers": "python_version >= '3.8'",
            "version": "==0.8.3"
        }
    },
    "develop": {}
}
